
Microsoft Visual Studio Solution File, Format Version 12.00
# Visual Studio Version 16
VisualStudioVersion = 16.0.30413.136
MinimumVisualStudioVersion = 10.0.40219.1
Project("{8BC9CEB8-8B4A-11D0-8D11-00A0C91BC942}") = "MyMario", "MyMario\MyMario.vcxproj", "{86883DF9-7FA2-43CF-9730-F117BAA2D782}"
EndProject
Project("{8BC9CEB8-8B4A-11D0-8D11-00A0C91BC942}") = "MyGrid", "MyGrid\MyGrid.vcxproj", "{83FFD4FE-3C6D-470D-8AB9-A562B11C0E20}"
EndProject
Global
	GlobalSection(SolutionConfigurationPlatforms) = preSolution
		Debug|x64 = Debug|x64
		Debug|x86 = Debug|x86
		Release|x64 = Release|x64
		Release|x86 = Release|x86
	EndGlobalSection
	GlobalSection(ProjectConfigurationPlatforms) = postSolution
		{86883DF9-7FA2-43CF-9730-F117BAA2D782}.Debug|x64.ActiveCfg = Debug|x64
		{86883DF9-7FA2-43CF-9730-F117BAA2D782}.Debug|x64.Build.0 = Debug|x64
		{86883DF9-7FA2-43CF-9730-F117BAA2D782}.Debug|x86.ActiveCfg = Debug|Win32
		{86883DF9-7FA2-43CF-9730-F117BAA2D782}.Debug|x86.Build.0 = Debug|Win32
		{86883DF9-7FA2-43CF-9730-F117BAA2D782}.Release|x64.ActiveCfg = Release|x64
		{86883DF9-7FA2-43CF-9730-F117BAA2D782}.Release|x64.Build.0 = Release|x64
		{86883DF9-7FA2-43CF-9730-F117BAA2D782}.Release|x86.ActiveCfg = Release|Win32
		{86883DF9-7FA2-43CF-9730-F117BAA2D782}.Release|x86.Build.0 = Release|Win32
		{83FFD4FE-3C6D-470D-8AB9-A562B11C0E20}.Debug|x64.ActiveCfg = Debug|x64
		{83FFD4FE-3C6D-470D-8AB9-A562B11C0E20}.Debug|x64.Build.0 = Debug|x64
		{83FFD4FE-3C6D-470D-8AB9-A562B11C0E20}.Debug|x86.ActiveCfg = Debug|Win32
		{83FFD4FE-3C6D-470D-8AB9-A562B11C0E20}.Debug|x86.Build.0 = Debug|Win32
		{83FFD4FE-3C6D-470D-8AB9-A562B11C0E20}.Release|x64.ActiveCfg = Release|x64
		{83FFD4FE-3C6D-470D-8AB9-A562B11C0E20}.Release|x64.Build.0 = Release|x64
		{83FFD4FE-3C6D-470D-8AB9-A562B11C0E20}.Release|x86.ActiveCfg = Release|Win32
		{83FFD4FE-3C6D-470D-8AB9-A562B11C0E20}.Release|x86.Build.0 = Release|Win32
	EndGlobalSection
	GlobalSection(SolutionProperties) = preSolution
		HideSolutionNode = FALSE
	EndGlobalSection
	GlobalSection(ExtensibilityGlobals) = postSolution
		SolutionGuid = {608355BA-2434-4E6E-B6ED-15C3C8D5FBB6}
	EndGlobalSection
EndGlobal
