<?xml version="1.0" encoding="utf-8"?>
<Project ToolsVersion="4.0" xmlns="http://schemas.microsoft.com/developer/msbuild/2003">
  <ItemGroup>
    <Filter Include="Source Files">
      <UniqueIdentifier>{4FC737F1-C7A5-4376-A066-2A32D752A2FF}</UniqueIdentifier>
      <Extensions>cpp;c;cc;cxx;c++;cppm;ixx;def;odl;idl;hpj;bat;asm;asmx</Extensions>
    </Filter>
    <Filter Include="Header Files">
      <UniqueIdentifier>{93995380-89BD-4b04-88EB-625FBE52EBFB}</UniqueIdentifier>
      <Extensions>h;hh;hpp;hxx;h++;hm;inl;inc;ipp;xsd</Extensions>
    </Filter>
    <Filter Include="Resource Files">
      <UniqueIdentifier>{67DA6AB6-F800-4c08-8B7A-83BB121AAD01}</UniqueIdentifier>
      <Extensions>rc;ico;cur;bmp;dlg;rc2;rct;bin;rgs;gif;jpg;jpeg;jpe;resx;tiff;tif;png;wav;mfcribbon-ms</Extensions>
    </Filter>
    <Filter Include="Source Files\Enemy">
      <UniqueIdentifier>{b5a970a0-c585-4d10-b250-e853c43391f0}</UniqueIdentifier>
    </Filter>
    <Filter Include="Source Files\Scene">
      <UniqueIdentifier>{16560251-7fea-4e0d-9ee3-7c232e2130ab}</UniqueIdentifier>
    </Filter>
    <Filter Include="Source Files\Brick">
      <UniqueIdentifier>{3049896e-d8e6-4e5f-b257-cbefbefdab83}</UniqueIdentifier>
    </Filter>
    <Filter Include="Source Files\Other">
      <UniqueIdentifier>{21b775ab-e4fa-4566-984a-11d720be22b0}</UniqueIdentifier>
    </Filter>
    <Filter Include="Source Files\Intro&amp;minimap">
      <UniqueIdentifier>{d01d4a02-8603-497e-8bd8-83f8629df59f}</UniqueIdentifier>
    </Filter>
    <Filter Include="Source Files\Portal">
      <UniqueIdentifier>{21e98f3b-98df-4b0a-8cbe-145baa0b752a}</UniqueIdentifier>
    </Filter>
    <Filter Include="Source Files\boost">
      <UniqueIdentifier>{a9ec6d74-caca-4352-883e-9d7d73f1dfaf}</UniqueIdentifier>
    </Filter>
    <Filter Include="Header Files\Brick">
      <UniqueIdentifier>{bd0b04e7-fafa-4018-9fcf-a54ebdee7c70}</UniqueIdentifier>
    </Filter>
    <Filter Include="Header Files\Boost">
      <UniqueIdentifier>{6427ab04-f12e-4767-91ae-233453767509}</UniqueIdentifier>
    </Filter>
    <Filter Include="Header Files\Enemy">
      <UniqueIdentifier>{50cb1f6b-d2cb-4732-af6b-9d2c8501df6a}</UniqueIdentifier>
    </Filter>
    <Filter Include="Header Files\Intro&amp;miniMap">
      <UniqueIdentifier>{3b1ce72c-a811-466b-85df-945e97252704}</UniqueIdentifier>
    </Filter>
    <Filter Include="Header Files\Portal">
      <UniqueIdentifier>{6f541cf1-4ad6-4a76-9ba7-03e4efc46f80}</UniqueIdentifier>
    </Filter>
    <Filter Include="Header Files\Scene">
      <UniqueIdentifier>{3052d98a-91e9-4ea6-b71f-0037531c25e8}</UniqueIdentifier>
    </Filter>
    <Filter Include="Header Files\Others">
      <UniqueIdentifier>{bfe7e470-4170-4918-a03f-9815ef558d4c}</UniqueIdentifier>
    </Filter>
    <Filter Include="Header Files\Grid">
      <UniqueIdentifier>{309e97c2-f40a-47b5-a2f2-05245faf1b2b}</UniqueIdentifier>
    </Filter>
    <Filter Include="Source Files\Grid">
      <UniqueIdentifier>{468c1a30-b224-48bb-a706-8fe38ea4cc32}</UniqueIdentifier>
    </Filter>
  </ItemGroup>
  <ItemGroup>
    <ClInclude Include="Mario.h">
      <Filter>Header Files</Filter>
    </ClInclude>
    <ClInclude Include="beginBrick.h">
      <Filter>Header Files\Brick</Filter>
    </ClInclude>
    <ClInclude Include="BreakBrick.h">
      <Filter>Header Files\Brick</Filter>
    </ClInclude>
    <ClInclude Include="Brick.h">
      <Filter>Header Files\Brick</Filter>
    </ClInclude>
    <ClInclude Include="ColorBrick.h">
      <Filter>Header Files\Brick</Filter>
    </ClInclude>
    <ClInclude Include="MicsBrick.h">
      <Filter>Header Files\Brick</Filter>
    </ClInclude>
    <ClInclude Include="MovableBrick.h">
      <Filter>Header Files\Brick</Filter>
    </ClInclude>
    <ClInclude Include="BlueP.h">
      <Filter>Header Files\Boost</Filter>
    </ClInclude>
    <ClInclude Include="Coin.h">
      <Filter>Header Files\Boost</Filter>
    </ClInclude>
    <ClInclude Include="LevelMushroom.h">
      <Filter>Header Files\Boost</Filter>
    </ClInclude>
    <ClInclude Include="Goomba.h">
      <Filter>Header Files\Enemy</Filter>
    </ClInclude>
    <ClInclude Include="Koopas.h">
      <Filter>Header Files\Enemy</Filter>
    </ClInclude>
    <ClInclude Include="RedKoopas.h">
      <Filter>Header Files\Enemy</Filter>
    </ClInclude>
    <ClInclude Include="ShootingRedTree.h">
      <Filter>Header Files\Enemy</Filter>
    </ClInclude>
    <ClInclude Include="RedArrowBeginScene.h">
      <Filter>Header Files\Intro&amp;miniMap</Filter>
    </ClInclude>
    <ClInclude Include="BeginScene.h">
      <Filter>Header Files\Scene</Filter>
    </ClInclude>
    <ClInclude Include="ChimneyPortal.h">
      <Filter>Header Files\Portal</Filter>
    </ClInclude>
    <ClInclude Include="MiniMario.h">
      <Filter>Header Files\Intro&amp;miniMap</Filter>
    </ClInclude>
    <ClInclude Include="MiniMapScene.h">
      <Filter>Header Files\Scene</Filter>
    </ClInclude>
    <ClInclude Include="PlayScence.h">
      <Filter>Header Files\Scene</Filter>
    </ClInclude>
    <ClInclude Include="Portal.h">
      <Filter>Header Files\Portal</Filter>
    </ClInclude>
    <ClInclude Include="Animations.h">
      <Filter>Header Files\Others</Filter>
    </ClInclude>
    <ClInclude Include="backRound.h">
      <Filter>Header Files\Others</Filter>
    </ClInclude>
    <ClInclude Include="Game.h">
      <Filter>Header Files\Others</Filter>
    </ClInclude>
    <ClInclude Include="Fire.h">
      <Filter>Header Files\Others</Filter>
    </ClInclude>
    <ClInclude Include="GameObject.h">
      <Filter>Header Files\Others</Filter>
    </ClInclude>
    <ClInclude Include="HUB.h">
      <Filter>Header Files\Others</Filter>
    </ClInclude>
    <ClInclude Include="Include.h">
      <Filter>Header Files\Others</Filter>
    </ClInclude>
    <ClInclude Include="KeyEventHandler.h">
      <Filter>Header Files\Others</Filter>
    </ClInclude>
    <ClInclude Include="resource.h">
      <Filter>Header Files\Others</Filter>
    </ClInclude>
    <ClInclude Include="Scence.h">
      <Filter>Header Files\Others</Filter>
    </ClInclude>
    <ClInclude Include="Sprites.h">
      <Filter>Header Files\Others</Filter>
    </ClInclude>
    <ClInclude Include="Textures.h">
      <Filter>Header Files\Others</Filter>
    </ClInclude>
    <ClInclude Include="Utils.h">
      <Filter>Header Files\Others</Filter>
    </ClInclude>
    <ClInclude Include="Grid.h">
      <Filter>Header Files\Grid</Filter>
    </ClInclude>
    <ClInclude Include="Cell.h">
      <Filter>Header Files\Grid</Filter>
    </ClInclude>
  </ItemGroup>
  <ItemGroup>
    <ClCompile Include="main.cpp">
      <Filter>Source Files</Filter>
    </ClCompile>
    <ClCompile Include="Mario.cpp">
      <Filter>Source Files</Filter>
    </ClCompile>
    <ClCompile Include="Koopas.cpp">
      <Filter>Source Files\Enemy</Filter>
    </ClCompile>
    <ClCompile Include="Goomba.cpp">
      <Filter>Source Files\Enemy</Filter>
    </ClCompile>
    <ClCompile Include="BeginScene.cpp">
      <Filter>Source Files\Scene</Filter>
    </ClCompile>
    <ClCompile Include="MiniMapScene.cpp">
      <Filter>Source Files\Scene</Filter>
    </ClCompile>
    <ClCompile Include="PlayScence.cpp">
      <Filter>Source Files\Scene</Filter>
    </ClCompile>
    <ClCompile Include="beginBrick.cpp">
      <Filter>Source Files\Brick</Filter>
    </ClCompile>
    <ClCompile Include="BreakBrick.cpp">
      <Filter>Source Files\Brick</Filter>
    </ClCompile>
    <ClCompile Include="Brick.cpp">
      <Filter>Source Files\Brick</Filter>
    </ClCompile>
    <ClCompile Include="MicsBrick.cpp">
      <Filter>Source Files\Brick</Filter>
    </ClCompile>
    <ClCompile Include="Game.cpp">
      <Filter>Source Files\Other</Filter>
    </ClCompile>
    <ClCompile Include="GameObject.cpp">
      <Filter>Source Files\Other</Filter>
    </ClCompile>
    <ClCompile Include="Sprites.cpp">
      <Filter>Source Files\Other</Filter>
    </ClCompile>
    <ClCompile Include="Textures.cpp">
      <Filter>Source Files\Other</Filter>
    </ClCompile>
    <ClCompile Include="Utils.cpp">
      <Filter>Source Files\Other</Filter>
    </ClCompile>
    <ClCompile Include="Animations.cpp">
      <Filter>Source Files\Other</Filter>
    </ClCompile>
    <ClCompile Include="ColorBrick.cpp">
      <Filter>Source Files\Brick</Filter>
    </ClCompile>
    <ClCompile Include="RedArrowBeginScene.cpp">
      <Filter>Source Files\Intro&amp;minimap</Filter>
    </ClCompile>
    <ClCompile Include="Scence.cpp">
      <Filter>Source Files\Other</Filter>
    </ClCompile>
    <ClCompile Include="MiniMario.cpp">
      <Filter>Source Files\Intro&amp;minimap</Filter>
    </ClCompile>
    <ClCompile Include="backRound.cpp">
      <Filter>Source Files\Other</Filter>
    </ClCompile>
    <ClCompile Include="ChimneyPortal.cpp">
      <Filter>Source Files\Portal</Filter>
    </ClCompile>
    <ClCompile Include="Portal.cpp">
      <Filter>Source Files\Portal</Filter>
    </ClCompile>
    <ClCompile Include="BlueP.cpp">
      <Filter>Source Files\boost</Filter>
    </ClCompile>
    <ClCompile Include="Coin.cpp">
      <Filter>Source Files\boost</Filter>
    </ClCompile>
    <ClCompile Include="LevelMushroom.cpp">
      <Filter>Source Files\boost</Filter>
    </ClCompile>
    <ClCompile Include="Fire.cpp">
      <Filter>Source Files\Other</Filter>
    </ClCompile>
    <ClCompile Include="HUB.cpp">
      <Filter>Source Files\Other</Filter>
    </ClCompile>
    <ClCompile Include="ShootingRedTree.cpp">
      <Filter>Source Files\Enemy</Filter>
    </ClCompile>
    <ClCompile Include="MovableBrick.cpp">
      <Filter>Source Files\Brick</Filter>
    </ClCompile>
    <ClCompile Include="Cell.cpp">
      <Filter>Source Files\Grid</Filter>
    </ClCompile>
    <ClCompile Include="Grid.cpp">
      <Filter>Source Files\Grid</Filter>
    </ClCompile>
  </ItemGroup>
  <ItemGroup>
    <ResourceCompile Include="MyMario.rc">
      <Filter>Resource Files</Filter>
    </ResourceCompile>
  </ItemGroup>
</Project>